
Microsoft Visual Studio Solution File, Format Version 12.00
# Visual Studio Version 17
VisualStudioVersion = 17.9.34622.214
MinimumVisualStudioVersion = 10.0.40219.1
Project("{FAE04EC0-301F-11D3-BF4B-00C04F79EFBC}") = "Lab03_Nhom", "Lab03_Nhom\Lab03_Nhom.csproj", "{17C8FD92-B51C-44E2-9311-3A8DAAEDD30C}"
EndProject
Global
	GlobalSection(SolutionConfigurationPlatforms) = preSolution
		Debug|Any CPU = Debug|Any CPU
		Release|Any CPU = Release|Any CPU
	EndGlobalSection
	GlobalSection(ProjectConfigurationPlatforms) = postSolution
		{17C8FD92-B51C-44E2-9311-3A8DAAEDD30C}.Debug|Any CPU.ActiveCfg = Debug|Any CPU
		{17C8FD92-B51C-44E2-9311-3A8DAAEDD30C}.Debug|Any CPU.Build.0 = Debug|Any CPU
		{17C8FD92-B51C-44E2-9311-3A8DAAEDD30C}.Release|Any CPU.ActiveCfg = Release|Any CPU
		{17C8FD92-B51C-44E2-9311-3A8DAAEDD30C}.Release|Any CPU.Build.0 = Release|Any CPU
	EndGlobalSection
	GlobalSection(SolutionProperties) = preSolution
		HideSolutionNode = FALSE
	EndGlobalSection
	GlobalSection(ExtensibilityGlobals) = postSolution
		SolutionGuid = {47870B83-36C1-4E94-85A4-1F8D74D7FB36}
	EndGlobalSection
EndGlobal
